
Microsoft Visual Studio Solution File, Format Version 12.00
# Visual Studio Version 16
VisualStudioVersion = 16.0.32002.261
MinimumVisualStudioVersion = 10.0.40219.1
Project("{FAE04EC0-301F-11D3-BF4B-00C04F79EFBC}") = "MyFirstASPNETWebApp", "MyFirstASPNETWebApp\MyFirstASPNETWebApp.csproj", "{832F23CA-121A-4A09-8B8C-FF32ECACB01F}"
EndProject
Global
	GlobalSection(SolutionConfigurationPlatforms) = preSolution
		Debug|Any CPU = Debug|Any CPU
		Release|Any CPU = Release|Any CPU
	EndGlobalSection
	GlobalSection(ProjectConfigurationPlatforms) = postSolution
		{832F23CA-121A-4A09-8B8C-FF32ECACB01F}.Debug|Any CPU.ActiveCfg = Debug|Any CPU
		{832F23CA-121A-4A09-8B8C-FF32ECACB01F}.Debug|Any CPU.Build.0 = Debug|Any CPU
		{832F23CA-121A-4A09-8B8C-FF32ECACB01F}.Release|Any CPU.ActiveCfg = Release|Any CPU
		{832F23CA-121A-4A09-8B8C-FF32ECACB01F}.Release|Any CPU.Build.0 = Release|Any CPU
	EndGlobalSection
	GlobalSection(SolutionProperties) = preSolution
		HideSolutionNode = FALSE
	EndGlobalSection
	GlobalSection(ExtensibilityGlobals) = postSolution
		SolutionGuid = {F7F1ABE3-E934-4936-AB31-743FC189BD95}
	EndGlobalSection
EndGlobal
